{
  "name": "asproject",
  "version": "1.0.0",
  "lockfileVersion": 3,
  "requires": true,
  "packages": {
    "": {
      "name": "asproject",
      "version": "1.0.0",
      "license": "MIT",
      "dependencies": {
        "@loupeteam/fiowrap": "^1.0.0",
        "@loupeteam/hmitools": "^1.0.0",
        "@loupeteam/librarybuilderproject": "^1.0.1",
        "@loupeteam/logthat": "^1.0.0",
        "@loupeteam/stringext": "^1.0.0"
      }
    },
    "node_modules/@loupeteam/fiowrap": {
      "version": "1.0.0",
      "resolved": "https://npm.pkg.github.com/download/@loupeteam/fiowrap/1.0.0/edace8866cad0794774644c195885bb10ea4000b",
      "integrity": "sha512-fK7ekJpaEMWsto430xiESvMFKJ/IGykdAKWkf7eFIKud+dJLLLLe43IT+NuSGzGgDXDNg9ZPzzyvaGvkhcNcBQ==",
      "license": "MIT",
      "dependencies": {
        "@loupeteam/stringext": ">=1.0.0"
      }
    },
    "node_modules/@loupeteam/hmitools": {
      "version": "1.0.0",
      "resolved": "https://npm.pkg.github.com/download/@loupeteam/hmitools/1.0.0/c3cf1c631e9df19d60e7fb225a77927a23736038",
      "integrity": "sha512-eqTa1lKWZwOcxxnCeLFBT0BTpdHI+iqfQ4o9TvqVqxZ0tRmhC/YX3owu28mlcGaIWWHuSCjZyJmRyKBoCa/hQQ==",
      "license": "MIT",
      "dependencies": {
        "@loupeteam/logthat": ">=1.0.0",
        "@loupeteam/ringbuflib": ">=1.0.0",
        "@loupeteam/stringext": ">=1.0.0"
      }
    },
    "node_modules/@loupeteam/librarybuilderproject": {
      "version": "1.0.1",
      "resolved": "https://npm.pkg.github.com/download/@loupeteam/librarybuilderproject/1.0.1/7c9555096f7ef8e8ce6b355c76533cb86d3b0229",
      "integrity": "sha512-0a31O2d0/LpWOwOvde6hIU/ZKPt4B9RXgrM/KQi2ayXm9UuDudNdp0YqCiTDm+UqciUlY5GtpQzOhx4VYfKdbA==",
      "license": "MIT"
    },
    "node_modules/@loupeteam/logthat": {
      "version": "1.0.0",
      "resolved": "https://npm.pkg.github.com/download/@loupeteam/logthat/1.0.0/b7d071fec64662d4f5603c1a78b31c6ba5a5591b",
      "integrity": "sha512-1QSPky1xTuWZQDvXaByf6ae3DoM05nCCHubMQBGjTTBR5IGNbsTviucdUeULXlwiFyOBGLBvneIVq6fdDQ1k3g==",
      "license": "MIT",
      "dependencies": {
        "@loupeteam/stringext": "*"
      }
    },
    "node_modules/@loupeteam/ringbuflib": {
      "version": "1.0.0",
      "resolved": "https://npm.pkg.github.com/download/@loupeteam/ringbuflib/1.0.0/ae0d49c6edc82b2217109cc9bc85aba49d68d817",
      "integrity": "sha512-VHN7JEGiHiGaOHOtclmMkjdi9o4TuEULjMZPP2vCvAzvRM2g9yVK9Us8v1LM0OjZ/Uq/K5t1vQWgNSDbrnzq7Q==",
      "license": "MIT"
    },
    "node_modules/@loupeteam/stringext": {
      "version": "1.0.0",
      "resolved": "https://npm.pkg.github.com/download/@loupeteam/stringext/1.0.0/9da05bfa435b70b88d57f6a3abe7e1b03d1ac9f4",
      "integrity": "sha512-CkwWziPxGwLisndcMunmR7DLdX1tvrt1hxHVn9ZYqJ8L6defPZr/ZWutpT+qhQJgoQnt5n+N48M1gbv6WclTHg==",
      "license": "MIT"
    }
  }
}
