{
    "name": "@loupeteam/librarybuilderproject",
    "version": "0.2.0",
    "lockfileVersion": 3,
    "requires": true,
    "packages": {
        "": {
            "name": "@loupeteam/librarybuilderproject",
            "version": "0.2.0",
            "license": "MIT",
            "dependencies": {
                "@loupeteam/csvfilelib": "^1.2.2",
                "@loupeteam/librarybuilderproject": "^0.3.0"
            }
        },
        "node_modules/@loupeteam/csvfilelib": {
            "version": "1.2.2",
            "resolved": "https://npm.pkg.github.com/download/@loupeteam/csvfilelib/1.2.2/0ea9deae2453f52c952d3832668ba6aec1878faa",
            "integrity": "sha512-PHGMJBXucUeXDXdJl3L/2ymG0XqcZ7xhXK05f43dQ9Vc4vCLfZ8HAGUEqndqm0DJZo+yA4Eu4a2kys7VZOUV3g==",
            "license": "Loupe Software License Agreement",
            "dependencies": {
                "@loupeteam/fiowrap": ">=0.9.0 <=0.9.9",
                "@loupeteam/hmitools": ">=0.11.3 <=0.11.9",
                "@loupeteam/logthat": ">=0.5.0 <=0.5.9",
                "@loupeteam/stringext": ">=0.14.1 <=0.14.9"
            }
        },
        "node_modules/@loupeteam/fiowrap": {
            "version": "0.9.1",
            "resolved": "https://npm.pkg.github.com/download/@loupeteam/fiowrap/0.9.1/5259664e2dcb91836f8b0bed6edd12a2275966a9",
            "integrity": "sha512-okJPxC6HKv6+ZrPgKNuJ+4fAc3PnHrOcbLqRnXbwLF7njCLX25m27Bu+pZQuJAEuw4eMkUrGd7CXYF0KOUz04w==",
            "license": "Loupe Software License Agreement",
            "dependencies": {
                "@loupeteam/stringext": ">=0.11.0"
            }
        },
        "node_modules/@loupeteam/hmitools": {
            "version": "0.11.4",
            "resolved": "https://npm.pkg.github.com/download/@loupeteam/hmitools/0.11.4/a4d1b4bdae7b50ba238db5eb0a70a01372e8eb7f",
            "integrity": "sha512-Yt8ci9RhZ3JKK21J/f/ZJ8H84Lfc9OVtV7kMfd/QS1erHHt8fg4K4rrklaHf3IYGetbiMV5iYWuYqD1v8hdwDQ==",
            "license": "Loupe Software License Agreement",
            "dependencies": {
                "@loupeteam/logthat": "*",
                "@loupeteam/ringbuflib": ">=0.2.0",
                "@loupeteam/stringext": ">=0.4.0"
            }
        },
        "node_modules/@loupeteam/librarybuilderproject": {
            "version": "0.3.0",
            "resolved": "https://npm.pkg.github.com/download/@loupeteam/librarybuilderproject/0.3.0/9c3c1fc98350439d618573f3b465d94e3ae1e000",
            "integrity": "sha512-kUOwhpPoqQ1DikLGFBH3c8+nsb28ayX2IpQRC0UaEg34cV4GrRoI0FvkSovc3tgrGohpyvxFPRy5C6TM5wj7JA==",
            "license": "MIT"
        },
        "node_modules/@loupeteam/logthat": {
            "version": "0.5.1",
            "resolved": "https://npm.pkg.github.com/download/@loupeteam/logthat/0.5.1/a6a0b2d6b20ae36504e3bb1f93abfc66eabd83a7",
            "integrity": "sha512-HGKZuZxNL6NVnpLG09BbWp7NQ6i+7wdOMoWLj5PO730ELX0Xs35xKGyGLf/mWiIXKE9tjvZxkyBTgbgZbIt6ew==",
            "license": "Loupe Software License Agreement",
            "dependencies": {
                "@loupeteam/stringext": ">=0.14.1"
            }
        },
        "node_modules/@loupeteam/ringbuflib": {
            "version": "0.2.4",
            "resolved": "https://npm.pkg.github.com/download/@loupeteam/ringbuflib/0.2.4/aa477b3b9b4f8b2babda5f67bd823b9f73a837b7",
            "integrity": "sha512-iMekWj7qvhwdYpiD3XpJIJPxlVel0k9PFpPa7POtAI/DIQTH8X6caZNlllA14wAlBAaKYdUVYzdW1t9EjizQWg==",
            "license": "Loupe Software License Agreement"
        },
        "node_modules/@loupeteam/stringext": {
            "version": "0.14.4",
            "resolved": "https://npm.pkg.github.com/download/@loupeteam/stringext/0.14.4/9d7c965dd094afeaf89b9f48c9b882ce798890dc",
            "integrity": "sha512-xYNj2b+SUxIgM5ZvB+BgDL+cqWkaKHAN65GbyNCd1B/SExiqUDO/VMa77/Sk2XlIZdzXj5mXxjwU/zjY97WsMg==",
            "license": "MIT"
        }
    }
}
